
Microsoft Visual Studio Solution File, Format Version 12.00
# Visual Studio Version 16
VisualStudioVersion = 16.0.32002.261
MinimumVisualStudioVersion = 10.0.40219.1
Project("{FAE04EC0-301F-11D3-BF4B-00C04F79EFBC}") = "11.02.2022", "11.02.2022.csproj", "{4D647AA4-06CC-4FAC-8D1C-3EE960949315}"
EndProject
Global
	GlobalSection(SolutionConfigurationPlatforms) = preSolution
		Debug|Any CPU = Debug|Any CPU
		Release|Any CPU = Release|Any CPU
	EndGlobalSection
	GlobalSection(ProjectConfigurationPlatforms) = postSolution
		{4D647AA4-06CC-4FAC-8D1C-3EE960949315}.Debug|Any CPU.ActiveCfg = Debug|Any CPU
		{4D647AA4-06CC-4FAC-8D1C-3EE960949315}.Debug|Any CPU.Build.0 = Debug|Any CPU
		{4D647AA4-06CC-4FAC-8D1C-3EE960949315}.Release|Any CPU.ActiveCfg = Release|Any CPU
		{4D647AA4-06CC-4FAC-8D1C-3EE960949315}.Release|Any CPU.Build.0 = Release|Any CPU
	EndGlobalSection
	GlobalSection(SolutionProperties) = preSolution
		HideSolutionNode = FALSE
	EndGlobalSection
	GlobalSection(ExtensibilityGlobals) = postSolution
		SolutionGuid = {E6701503-4FF3-4BB4-98B4-AFC4D1ECDC55}
	EndGlobalSection
EndGlobal
