
Microsoft Visual Studio Solution File, Format Version 12.00
# Visual Studio Version 17
VisualStudioVersion = 17.1.32328.378
MinimumVisualStudioVersion = 10.0.40219.1
Project("{FAE04EC0-301F-11D3-BF4B-00C04F79EFBC}") = "AnimationImages", "AnimationImages.csproj", "{D95BC409-5141-4D71-A37A-07CA4CDE32E6}"
EndProject
Global
	GlobalSection(SolutionConfigurationPlatforms) = preSolution
		Debug|Any CPU = Debug|Any CPU
		Release|Any CPU = Release|Any CPU
	EndGlobalSection
	GlobalSection(ProjectConfigurationPlatforms) = postSolution
		{D95BC409-5141-4D71-A37A-07CA4CDE32E6}.Debug|Any CPU.ActiveCfg = Debug|Any CPU
		{D95BC409-5141-4D71-A37A-07CA4CDE32E6}.Debug|Any CPU.Build.0 = Debug|Any CPU
		{D95BC409-5141-4D71-A37A-07CA4CDE32E6}.Release|Any CPU.ActiveCfg = Release|Any CPU
		{D95BC409-5141-4D71-A37A-07CA4CDE32E6}.Release|Any CPU.Build.0 = Release|Any CPU
	EndGlobalSection
	GlobalSection(SolutionProperties) = preSolution
		HideSolutionNode = FALSE
	EndGlobalSection
	GlobalSection(ExtensibilityGlobals) = postSolution
		SolutionGuid = {A06D1B25-3610-4A87-A38B-96A21AEDFDEF}
	EndGlobalSection
EndGlobal
