
Microsoft Visual Studio Solution File, Format Version 12.00
# Visual Studio Version 16
VisualStudioVersion = 16.0.32413.511
MinimumVisualStudioVersion = 10.0.40219.1
Project("{FAE04EC0-301F-11D3-BF4B-00C04F79EFBC}") = "LanTest1", "LanTest1\LanTest1.csproj", "{209468FC-1A27-49E7-8AA6-9B343C9F054D}"
EndProject
Project("{FAE04EC0-301F-11D3-BF4B-00C04F79EFBC}") = "MessageLibrary", "MessageLibrary\MessageLibrary.csproj", "{1FB16189-8D14-4C0C-AF9D-AF26B57E19A0}"
EndProject
Project("{FAE04EC0-301F-11D3-BF4B-00C04F79EFBC}") = "AsyncServer", "AsyncServer\AsyncServer.csproj", "{3A43B2D4-BA8E-4A71-B560-BCECB6A3785D}"
EndProject
Project("{FAE04EC0-301F-11D3-BF4B-00C04F79EFBC}") = "AsyncClient", "AsyncClient\AsyncClient.csproj", "{98DCE3E1-3B58-4789-B56C-2465398DD4FA}"
EndProject
Global
	GlobalSection(SolutionConfigurationPlatforms) = preSolution
		Debug|Any CPU = Debug|Any CPU
		Release|Any CPU = Release|Any CPU
	EndGlobalSection
	GlobalSection(ProjectConfigurationPlatforms) = postSolution
		{209468FC-1A27-49E7-8AA6-9B343C9F054D}.Debug|Any CPU.ActiveCfg = Debug|Any CPU
		{209468FC-1A27-49E7-8AA6-9B343C9F054D}.Debug|Any CPU.Build.0 = Debug|Any CPU
		{209468FC-1A27-49E7-8AA6-9B343C9F054D}.Release|Any CPU.ActiveCfg = Release|Any CPU
		{209468FC-1A27-49E7-8AA6-9B343C9F054D}.Release|Any CPU.Build.0 = Release|Any CPU
		{1FB16189-8D14-4C0C-AF9D-AF26B57E19A0}.Debug|Any CPU.ActiveCfg = Debug|Any CPU
		{1FB16189-8D14-4C0C-AF9D-AF26B57E19A0}.Debug|Any CPU.Build.0 = Debug|Any CPU
		{1FB16189-8D14-4C0C-AF9D-AF26B57E19A0}.Release|Any CPU.ActiveCfg = Release|Any CPU
		{1FB16189-8D14-4C0C-AF9D-AF26B57E19A0}.Release|Any CPU.Build.0 = Release|Any CPU
		{3A43B2D4-BA8E-4A71-B560-BCECB6A3785D}.Debug|Any CPU.ActiveCfg = Debug|Any CPU
		{3A43B2D4-BA8E-4A71-B560-BCECB6A3785D}.Debug|Any CPU.Build.0 = Debug|Any CPU
		{3A43B2D4-BA8E-4A71-B560-BCECB6A3785D}.Release|Any CPU.ActiveCfg = Release|Any CPU
		{3A43B2D4-BA8E-4A71-B560-BCECB6A3785D}.Release|Any CPU.Build.0 = Release|Any CPU
		{98DCE3E1-3B58-4789-B56C-2465398DD4FA}.Debug|Any CPU.ActiveCfg = Debug|Any CPU
		{98DCE3E1-3B58-4789-B56C-2465398DD4FA}.Debug|Any CPU.Build.0 = Debug|Any CPU
		{98DCE3E1-3B58-4789-B56C-2465398DD4FA}.Release|Any CPU.ActiveCfg = Release|Any CPU
		{98DCE3E1-3B58-4789-B56C-2465398DD4FA}.Release|Any CPU.Build.0 = Release|Any CPU
	EndGlobalSection
	GlobalSection(SolutionProperties) = preSolution
		HideSolutionNode = FALSE
	EndGlobalSection
	GlobalSection(ExtensibilityGlobals) = postSolution
		SolutionGuid = {FED701FC-8980-420B-A055-4802ED73756F}
	EndGlobalSection
EndGlobal
