
Microsoft Visual Studio Solution File, Format Version 12.00
# Visual Studio Version 17
VisualStudioVersion = 17.1.32319.34
MinimumVisualStudioVersion = 10.0.40219.1
Project("{9A19103F-16F7-4668-BE54-9A1E7A4F7556}") = "ParseNewPost", "ParseNewPost.csproj", "{22838008-C65E-4E3D-AE72-D807222690D3}"
EndProject
Global
	GlobalSection(SolutionConfigurationPlatforms) = preSolution
		Debug|Any CPU = Debug|Any CPU
		Release|Any CPU = Release|Any CPU
	EndGlobalSection
	GlobalSection(ProjectConfigurationPlatforms) = postSolution
		{22838008-C65E-4E3D-AE72-D807222690D3}.Debug|Any CPU.ActiveCfg = Debug|Any CPU
		{22838008-C65E-4E3D-AE72-D807222690D3}.Debug|Any CPU.Build.0 = Debug|Any CPU
		{22838008-C65E-4E3D-AE72-D807222690D3}.Release|Any CPU.ActiveCfg = Release|Any CPU
		{22838008-C65E-4E3D-AE72-D807222690D3}.Release|Any CPU.Build.0 = Release|Any CPU
	EndGlobalSection
	GlobalSection(SolutionProperties) = preSolution
		HideSolutionNode = FALSE
	EndGlobalSection
	GlobalSection(ExtensibilityGlobals) = postSolution
		SolutionGuid = {0AAA7E96-1DCF-4AE9-9CE8-8AB0038D87EF}
	EndGlobalSection
EndGlobal
