
Microsoft Visual Studio Solution File, Format Version 12.00
# Visual Studio Version 16
VisualStudioVersion = 16.0.31424.327
MinimumVisualStudioVersion = 10.0.40219.1
Project("{FAE04EC0-301F-11D3-BF4B-00C04F79EFBC}") = "Just Paint", "Just Paint.csproj", "{D8832012-8F82-4528-8C71-EAFE6E53FB61}"
EndProject
Global
	GlobalSection(SolutionConfigurationPlatforms) = preSolution
		Debug|Any CPU = Debug|Any CPU
		Release|Any CPU = Release|Any CPU
	EndGlobalSection
	GlobalSection(ProjectConfigurationPlatforms) = postSolution
		{D8832012-8F82-4528-8C71-EAFE6E53FB61}.Debug|Any CPU.ActiveCfg = Debug|Any CPU
		{D8832012-8F82-4528-8C71-EAFE6E53FB61}.Debug|Any CPU.Build.0 = Debug|Any CPU
		{D8832012-8F82-4528-8C71-EAFE6E53FB61}.Release|Any CPU.ActiveCfg = Release|Any CPU
		{D8832012-8F82-4528-8C71-EAFE6E53FB61}.Release|Any CPU.Build.0 = Release|Any CPU
	EndGlobalSection
	GlobalSection(SolutionProperties) = preSolution
		HideSolutionNode = FALSE
	EndGlobalSection
	GlobalSection(ExtensibilityGlobals) = postSolution
		SolutionGuid = {76DB107A-554F-4485-B762-4689F0E2ABA6}
	EndGlobalSection
EndGlobal
