
Microsoft Visual Studio Solution File, Format Version 12.00
# Visual Studio Version 16
VisualStudioVersion = 16.0.31424.327
MinimumVisualStudioVersion = 10.0.40219.1
Project("{FAE04EC0-301F-11D3-BF4B-00C04F79EFBC}") = "26.11.2021", "26.11.2021.csproj", "{F70E20DC-5541-4DAA-96E0-F79D959AE8AF}"
EndProject
Global
	GlobalSection(SolutionConfigurationPlatforms) = preSolution
		Debug|Any CPU = Debug|Any CPU
		Release|Any CPU = Release|Any CPU
	EndGlobalSection
	GlobalSection(ProjectConfigurationPlatforms) = postSolution
		{F70E20DC-5541-4DAA-96E0-F79D959AE8AF}.Debug|Any CPU.ActiveCfg = Debug|Any CPU
		{F70E20DC-5541-4DAA-96E0-F79D959AE8AF}.Debug|Any CPU.Build.0 = Debug|Any CPU
		{F70E20DC-5541-4DAA-96E0-F79D959AE8AF}.Release|Any CPU.ActiveCfg = Release|Any CPU
		{F70E20DC-5541-4DAA-96E0-F79D959AE8AF}.Release|Any CPU.Build.0 = Release|Any CPU
	EndGlobalSection
	GlobalSection(SolutionProperties) = preSolution
		HideSolutionNode = FALSE
	EndGlobalSection
	GlobalSection(ExtensibilityGlobals) = postSolution
		SolutionGuid = {79A7B3BF-B285-42FD-973D-37DD3E189C81}
	EndGlobalSection
EndGlobal
